
Microsoft Visual Studio Solution File, Format Version 12.00
# Visual Studio Version 17
VisualStudioVersion = 17.9.34728.123
MinimumVisualStudioVersion = 10.0.40219.1
Project("{9A19103F-16F7-4668-BE54-9A1E7A4F7556}") = "Average.Library", "Average.Library\Average.Library.csproj", "{BFA0A2F4-5BE8-444A-AD1E-3CB34E8853D2}"
EndProject
Project("{FAE04EC0-301F-11D3-BF4B-00C04F79EFBC}") = "Average", "Average\Average.csproj", "{66FCD98D-6AF6-4A1F-BC6D-F92B5CA54325}"
EndProject
Global
	GlobalSection(SolutionConfigurationPlatforms) = preSolution
		Debug|Any CPU = Debug|Any CPU
		Release|Any CPU = Release|Any CPU
	EndGlobalSection
	GlobalSection(ProjectConfigurationPlatforms) = postSolution
		{BFA0A2F4-5BE8-444A-AD1E-3CB34E8853D2}.Debug|Any CPU.ActiveCfg = Debug|Any CPU
		{BFA0A2F4-5BE8-444A-AD1E-3CB34E8853D2}.Debug|Any CPU.Build.0 = Debug|Any CPU
		{BFA0A2F4-5BE8-444A-AD1E-3CB34E8853D2}.Release|Any CPU.ActiveCfg = Release|Any CPU
		{BFA0A2F4-5BE8-444A-AD1E-3CB34E8853D2}.Release|Any CPU.Build.0 = Release|Any CPU
		{66FCD98D-6AF6-4A1F-BC6D-F92B5CA54325}.Debug|Any CPU.ActiveCfg = Debug|Any CPU
		{66FCD98D-6AF6-4A1F-BC6D-F92B5CA54325}.Debug|Any CPU.Build.0 = Debug|Any CPU
		{66FCD98D-6AF6-4A1F-BC6D-F92B5CA54325}.Release|Any CPU.ActiveCfg = Release|Any CPU
		{66FCD98D-6AF6-4A1F-BC6D-F92B5CA54325}.Release|Any CPU.Build.0 = Release|Any CPU
	EndGlobalSection
	GlobalSection(SolutionProperties) = preSolution
		HideSolutionNode = FALSE
	EndGlobalSection
	GlobalSection(ExtensibilityGlobals) = postSolution
		SolutionGuid = {418F33FD-2531-44D7-9147-8696EA227778}
	EndGlobalSection
EndGlobal
