
Microsoft Visual Studio Solution File, Format Version 12.00
# Visual Studio Version 17
VisualStudioVersion = 17.11.35327.3
MinimumVisualStudioVersion = 10.0.40219.1
Project("{9A19103F-16F7-4668-BE54-9A1E7A4F7556}") = "Caesar.Library", "Caesar.Library\Caesar.Library.csproj", "{8D1BB0D2-5BF8-4122-8F69-4444BF8D110B}"
EndProject
Project("{9A19103F-16F7-4668-BE54-9A1E7A4F7556}") = "Far.Library", "Far.Library\Far.Library.csproj", "{DBD4D6BC-5727-42D8-88DC-659B81EF6778}"
EndProject
Global
	GlobalSection(SolutionConfigurationPlatforms) = preSolution
		Debug|Any CPU = Debug|Any CPU
		Release|Any CPU = Release|Any CPU
	EndGlobalSection
	GlobalSection(ProjectConfigurationPlatforms) = postSolution
		{8D1BB0D2-5BF8-4122-8F69-4444BF8D110B}.Debug|Any CPU.ActiveCfg = Debug|Any CPU
		{8D1BB0D2-5BF8-4122-8F69-4444BF8D110B}.Debug|Any CPU.Build.0 = Debug|Any CPU
		{8D1BB0D2-5BF8-4122-8F69-4444BF8D110B}.Release|Any CPU.ActiveCfg = Release|Any CPU
		{8D1BB0D2-5BF8-4122-8F69-4444BF8D110B}.Release|Any CPU.Build.0 = Release|Any CPU
		{DBD4D6BC-5727-42D8-88DC-659B81EF6778}.Debug|Any CPU.ActiveCfg = Debug|Any CPU
		{DBD4D6BC-5727-42D8-88DC-659B81EF6778}.Debug|Any CPU.Build.0 = Debug|Any CPU
		{DBD4D6BC-5727-42D8-88DC-659B81EF6778}.Release|Any CPU.ActiveCfg = Release|Any CPU
		{DBD4D6BC-5727-42D8-88DC-659B81EF6778}.Release|Any CPU.Build.0 = Release|Any CPU
	EndGlobalSection
	GlobalSection(SolutionProperties) = preSolution
		HideSolutionNode = FALSE
	EndGlobalSection
	GlobalSection(ExtensibilityGlobals) = postSolution
		SolutionGuid = {55817F99-4C9F-43AE-BF17-20F12217DAD1}
	EndGlobalSection
EndGlobal
